[[package]]
name = "bimap"
version = "0.1.5"
source = "registry+https://github.com/rust-lang/crates.io-index"

[[package]]
name = "lazy_static"
version = "1.2.0"
source = "registry+https://github.com/rust-lang/crates.io-index"

[[package]]
name = "my_bot"
version = "0.1.0"
dependencies = [
 "bimap 0.1.5 (registry+https://github.com/rust-lang/crates.io-index)",
 "lazy_static 1.2.0 (registry+https://github.com/rust-lang/crates.io-index)",
]

[metadata]
"checksum bimap 0.1.5 (registry+https://github.com/rust-lang/crates.io-index)" = "6b282b982237078bfac61a948a2198f185aceea8b9a6e794b70b96fd31923d3d"
"checksum lazy_static 1.2.0 (registry+https://github.com/rust-lang/crates.io-index)" = "a374c89b9db55895453a74c1e38861d9deec0b01b405a82516e9d5de4820dea1"
